
Microsoft Visual Studio Solution File, Format Version 12.00
# Visual Studio Version 17
VisualStudioVersion = 17.11.35312.102
MinimumVisualStudioVersion = 10.0.40219.1
Project("{FAE04EC0-301F-11D3-BF4B-00C04F79EFBC}") = "23DH112875_MyStore", "23DH112875_MyStore\23DH112875_MyStore.csproj", "{CF4CBBB0-A15E-42F5-9DD5-964934D0A642}"
EndProject
Global
	GlobalSection(SolutionConfigurationPlatforms) = preSolution
		Debug|Any CPU = Debug|Any CPU
		Release|Any CPU = Release|Any CPU
	EndGlobalSection
	GlobalSection(ProjectConfigurationPlatforms) = postSolution
		{CF4CBBB0-A15E-42F5-9DD5-964934D0A642}.Debug|Any CPU.ActiveCfg = Debug|Any CPU
		{CF4CBBB0-A15E-42F5-9DD5-964934D0A642}.Debug|Any CPU.Build.0 = Debug|Any CPU
		{CF4CBBB0-A15E-42F5-9DD5-964934D0A642}.Release|Any CPU.ActiveCfg = Release|Any CPU
		{CF4CBBB0-A15E-42F5-9DD5-964934D0A642}.Release|Any CPU.Build.0 = Release|Any CPU
	EndGlobalSection
	GlobalSection(SolutionProperties) = preSolution
		HideSolutionNode = FALSE
	EndGlobalSection
	GlobalSection(ExtensibilityGlobals) = postSolution
		SolutionGuid = {1468B214-374C-490F-8036-CF1F4761DCE3}
	EndGlobalSection
EndGlobal
